{
  "name": "async-framework-demo",
  "version": "0.1.0",
  "lockfileVersion": 1,
  "requires": true,
  "dependencies": {
    "@async/miniweb": {
      "version": "0.1.0",
      "resolved": "https://registry.npmjs.org/@async/miniweb/-/miniweb-0.1.0.tgz",
      "integrity": "sha512-0MPYS6/gOePTLP7irwQluMf6oojajl2YYPTJu3J9kyyJnuN6ZiDKqJ/YesHEsiuTeOvBUDk9ZFHKfO3W94xJIA=="
    }
  }
}
